
Microsoft Visual Studio Solution File, Format Version 12.00
# Visual Studio 15
VisualStudioVersion = 15.0.28010.2046
MinimumVisualStudioVersion = 10.0.40219.1
Project("{FAE04EC0-301F-11D3-BF4B-00C04F79EFBC}") = "AlgebraCodingQuestions", "AlgebraCodingQuestions\AlgebraCodingQuestions.csproj", "{CBA55648-6A4A-454E-BD46-395A7FB1479D}"
EndProject
Global
	GlobalSection(SolutionConfigurationPlatforms) = preSolution
		Debug|Any CPU = Debug|Any CPU
		Release|Any CPU = Release|Any CPU
	EndGlobalSection
	GlobalSection(ProjectConfigurationPlatforms) = postSolution
		{CBA55648-6A4A-454E-BD46-395A7FB1479D}.Debug|Any CPU.ActiveCfg = Debug|Any CPU
		{CBA55648-6A4A-454E-BD46-395A7FB1479D}.Debug|Any CPU.Build.0 = Debug|Any CPU
		{CBA55648-6A4A-454E-BD46-395A7FB1479D}.Release|Any CPU.ActiveCfg = Release|Any CPU
		{CBA55648-6A4A-454E-BD46-395A7FB1479D}.Release|Any CPU.Build.0 = Release|Any CPU
	EndGlobalSection
	GlobalSection(SolutionProperties) = preSolution
		HideSolutionNode = FALSE
	EndGlobalSection
	GlobalSection(ExtensibilityGlobals) = postSolution
		SolutionGuid = {214AEBF6-320A-4A5F-B0B9-925F784C1D7E}
	EndGlobalSection
EndGlobal
